// !$*UTF8*$!
{
	archiveVersion = 1;
	classes = {
	};
	objectVersion = 77;
	objects = {

/* Begin PBXBuildFile section */
		030BAD702D6241D000AFD3E6 /* ConfettiSwiftUI in Frameworks */ = {isa = PBXBuildFile; productRef = 030BAD6F2D6241D000AFD3E6 /* ConfettiSwiftUI */; };
/* End PBXBuildFile section */

/* Begin PBXContainerItemProxy section */
		22CE07842D6134B7001A3DAE /* PBXContainerItemProxy */ = {
			isa = PBXContainerItemProxy;
			containerPortal = 22CE076B2D6134B5001A3DAE /* Project object */;
			proxyType = 1;
			remoteGlobalIDString = 22CE07722D6134B5001A3DAE;
			remoteInfo = MapGame;
		};
		22CE078E2D6134B7001A3DAE /* PBXContainerItemProxy */ = {
			isa = PBXContainerItemProxy;
			containerPortal = 22CE076B2D6134B5001A3DAE /* Project object */;
			proxyType = 1;
			remoteGlobalIDString = 22CE07722D6134B5001A3DAE;
			remoteInfo = MapGame;
		};
/* End PBXContainerItemProxy section */

/* Begin PBXFileReference section */
		22CE07732D6134B5001A3DAE /* MapGame.app */ = {isa = PBXFileReference; explicitFileType = wrapper.application; includeInIndex = 0; path = MapGame.app; sourceTree = BUILT_PRODUCTS_DIR; };
		22CE07832D6134B7001A3DAE /* MapGameTests.xctest */ = {isa = PBXFileReference; explicitFileType = wrapper.cfbundle; includeInIndex = 0; path = MapGameTests.xctest; sourceTree = BUILT_PRODUCTS_DIR; };
		22CE078D2D6134B7001A3DAE /* MapGameUITests.xctest */ = {isa = PBXFileReference; explicitFileType = wrapper.cfbundle; includeInIndex = 0; path = MapGameUITests.xctest; sourceTree = BUILT_PRODUCTS_DIR; };
		22E8EA422D61D92B00437753 /* MapGame.xctestplan */ = {isa = PBXFileReference; lastKnownFileType = text; path = MapGame.xctestplan; sourceTree = "<group>"; };
/* End PBXFileReference section */

/* Begin PBXFileSystemSynchronizedRootGroup section */
		22CE07752D6134B5001A3DAE /* MapGame */ = {
			isa = PBXFileSystemSynchronizedRootGroup;
			path = MapGame;
			sourceTree = "<group>";
		};
		22CE07862D6134B7001A3DAE /* MapGameTests */ = {
			isa = PBXFileSystemSynchronizedRootGroup;
			path = MapGameTests;
			sourceTree = "<group>";
		};
		22CE07902D6134B7001A3DAE /* MapGameUITests */ = {
			isa = PBXFileSystemSynchronizedRootGroup;
			path = MapGameUITests;
			sourceTree = "<group>";
		};
/* End PBXFileSystemSynchronizedRootGroup section */

/* Begin PBXFrameworksBuildPhase section */
		22CE07702D6134B5001A3DAE /* Frameworks */ = {
			isa = PBXFrameworksBuildPhase;
			buildActionMask = 2147483647;
			files = (
				030BAD702D6241D000AFD3E6 /* ConfettiSwiftUI in Frameworks */,
			);
			runOnlyForDeploymentPostprocessing = 0;
		};
		22CE07802D6134B7001A3DAE /* Frameworks */ = {
			isa = PBXFrameworksBuildPhase;
			buildActionMask = 2147483647;
			files = (
			);
			runOnlyForDeploymentPostprocessing = 0;
		};
		22CE078A2D6134B7001A3DAE /* Frameworks */ = {
			isa = PBXFrameworksBuildPhase;
			buildActionMask = 2147483647;
			files = (
			);
			runOnlyForDeploymentPostprocessing = 0;
		};
/* End PBXFrameworksBuildPhase section */

/* Begin PBXGroup section */
		031437CC2D61D05900AF9897 /* Frameworks */ = {
			isa = PBXGroup;
			children = (
			);
			name = Frameworks;
			sourceTree = "<group>";
		};
		22CE076A2D6134B5001A3DAE = {
			isa = PBXGroup;
			children = (
				22E8EA422D61D92B00437753 /* MapGame.xctestplan */,
				22CE07752D6134B5001A3DAE /* MapGame */,
				22CE07862D6134B7001A3DAE /* MapGameTests */,
				22CE07902D6134B7001A3DAE /* MapGameUITests */,
				031437CC2D61D05900AF9897 /* Frameworks */,
				22CE07742D6134B5001A3DAE /* Products */,
			);
			sourceTree = "<group>";
		};
		22CE07742D6134B5001A3DAE /* Products */ = {
			isa = PBXGroup;
			children = (
				22CE07732D6134B5001A3DAE /* MapGame.app */,
				22CE07832D6134B7001A3DAE /* MapGameTests.xctest */,
				22CE078D2D6134B7001A3DAE /* MapGameUITests.xctest */,
			);
			name = Products;
			sourceTree = "<group>";
		};
/* End PBXGroup section */

/* Begin PBXNativeTarget section */
		22CE07722D6134B5001A3DAE /* MapGame */ = {
			isa = PBXNativeTarget;
			buildConfigurationList = 22CE07972D6134B7001A3DAE /* Build configuration list for PBXNativeTarget "MapGame" */;
			buildPhases = (
				22CE076F2D6134B5001A3DAE /* Sources */,
				22CE07702D6134B5001A3DAE /* Frameworks */,
				22CE07712D6134B5001A3DAE /* Resources */,
			);
			buildRules = (
			);
			dependencies = (
			);
			fileSystemSynchronizedGroups = (
				22CE07752D6134B5001A3DAE /* MapGame */,
			);
			name = MapGame;
			packageProductDependencies = (
				030BAD6F2D6241D000AFD3E6 /* ConfettiSwiftUI */,
			);
			productName = MapGame;
			productReference = 22CE07732D6134B5001A3DAE /* MapGame.app */;
			productType = "com.apple.product-type.application";
		};
		22CE07822D6134B7001A3DAE /* MapGameTests */ = {
			isa = PBXNativeTarget;
			buildConfigurationList = 22CE079A2D6134B7001A3DAE /* Build configuration list for PBXNativeTarget "MapGameTests" */;
			buildPhases = (
				22CE077F2D6134B7001A3DAE /* Sources */,
				22CE07802D6134B7001A3DAE /* Frameworks */,
				22CE07812D6134B7001A3DAE /* Resources */,
			);
			buildRules = (
			);
			dependencies = (
				22CE07852D6134B7001A3DAE /* PBXTargetDependency */,
			);
			fileSystemSynchronizedGroups = (
				22CE07862D6134B7001A3DAE /* MapGameTests */,
			);
			name = MapGameTests;
			packageProductDependencies = (
			);
			productName = MapGameTests;
			productReference = 22CE07832D6134B7001A3DAE /* MapGameTests.xctest */;
			productType = "com.apple.product-type.bundle.unit-test";
		};
		22CE078C2D6134B7001A3DAE /* MapGameUITests */ = {
			isa = PBXNativeTarget;
			buildConfigurationList = 22CE079D2D6134B7001A3DAE /* Build configuration list for PBXNativeTarget "MapGameUITests" */;
			buildPhases = (
				22CE07892D6134B7001A3DAE /* Sources */,
				22CE078A2D6134B7001A3DAE /* Frameworks */,
				22CE078B2D6134B7001A3DAE /* Resources */,
			);
			buildRules = (
			);
			dependencies = (
				22CE078F2D6134B7001A3DAE /* PBXTargetDependency */,
			);
			fileSystemSynchronizedGroups = (
				22CE07902D6134B7001A3DAE /* MapGameUITests */,
			);
			name = MapGameUITests;
			packageProductDependencies = (
			);
			productName = MapGameUITests;
			productReference = 22CE078D2D6134B7001A3DAE /* MapGameUITests.xctest */;
			productType = "com.apple.product-type.bundle.ui-testing";
		};
/* End PBXNativeTarget section */

/* Begin PBXProject section */
		22CE076B2D6134B5001A3DAE /* Project object */ = {
			isa = PBXProject;
			attributes = {
				BuildIndependentTargetsInParallel = 1;
				LastSwiftUpdateCheck = 1620;
				LastUpgradeCheck = 1620;
				TargetAttributes = {
					22CE07722D6134B5001A3DAE = {
						CreatedOnToolsVersion = 16.2;
					};
					22CE07822D6134B7001A3DAE = {
						CreatedOnToolsVersion = 16.2;
						TestTargetID = 22CE07722D6134B5001A3DAE;
					};
					22CE078C2D6134B7001A3DAE = {
						CreatedOnToolsVersion = 16.2;
						TestTargetID = 22CE07722D6134B5001A3DAE;
					};
				};
			};
			buildConfigurationList = 22CE076E2D6134B5001A3DAE /* Build configuration list for PBXProject "MapGame" */;
			developmentRegion = en;
			hasScannedForEncodings = 0;
			knownRegions = (
				en,
				Base,
			);
			mainGroup = 22CE076A2D6134B5001A3DAE;
			minimizedProjectReferenceProxies = 1;
			packageReferences = (
				030BAD6E2D62407600AFD3E6 /* XCRemoteSwiftPackageReference "ConfettiSwiftUI" */,
			);
			preferredProjectObjectVersion = 77;
			productRefGroup = 22CE07742D6134B5001A3DAE /* Products */;
			projectDirPath = "";
			projectRoot = "";
			targets = (
				22CE07722D6134B5001A3DAE /* MapGame */,
				22CE07822D6134B7001A3DAE /* MapGameTests */,
				22CE078C2D6134B7001A3DAE /* MapGameUITests */,
			);
		};
/* End PBXProject section */

/* Begin PBXResourcesBuildPhase section */
		22CE07712D6134B5001A3DAE /* Resources */ = {
			isa = PBXResourcesBuildPhase;
			buildActionMask = 2147483647;
			files = (
			);
			runOnlyForDeploymentPostprocessing = 0;
		};
		22CE07812D6134B7001A3DAE /* Resources */ = {
			isa = PBXResourcesBuildPhase;
			buildActionMask = 2147483647;
			files = (
			);
			runOnlyForDeploymentPostprocessing = 0;
		};
		22CE078B2D6134B7001A3DAE /* Resources */ = {
			isa = PBXResourcesBuildPhase;
			buildActionMask = 2147483647;
			files = (
			);
			runOnlyForDeploymentPostprocessing = 0;
		};
/* End PBXResourcesBuildPhase section */

/* Begin PBXSourcesBuildPhase section */
		22CE076F2D6134B5001A3DAE /* Sources */ = {
			isa = PBXSourcesBuildPhase;
			buildActionMask = 2147483647;
			files = (
			);
			runOnlyForDeploymentPostprocessing = 0;
		};
		22CE077F2D6134B7001A3DAE /* Sources */ = {
			isa = PBXSourcesBuildPhase;
			buildActionMask = 2147483647;
			files = (
			);
			runOnlyForDeploymentPostprocessing = 0;
		};
		22CE07892D6134B7001A3DAE /* Sources */ = {
			isa = PBXSourcesBuildPhase;
			buildActionMask = 2147483647;
			files = (
			);
			runOnlyForDeploymentPostprocessing = 0;
		};
/* End PBXSourcesBuildPhase section */

/* Begin PBXTargetDependency section */
		22CE07852D6134B7001A3DAE /* PBXTargetDependency */ = {
			isa = PBXTargetDependency;
			target = 22CE07722D6134B5001A3DAE /* MapGame */;
			targetProxy = 22CE07842D6134B7001A3DAE /* PBXContainerItemProxy */;
		};
		22CE078F2D6134B7001A3DAE /* PBXTargetDependency */ = {
			isa = PBXTargetDependency;
			target = 22CE07722D6134B5001A3DAE /* MapGame */;
			targetProxy = 22CE078E2D6134B7001A3DAE /* PBXContainerItemProxy */;
		};
/* End PBXTargetDependency section */

/* Begin XCBuildConfiguration section */
		22CE07952D6134B7001A3DAE /* Debug */ = {
			isa = XCBuildConfiguration;
			buildSettings = {
				ALWAYS_SEARCH_USER_PATHS = NO;
				ASSETCATALOG_COMPILER_GENERATE_SWIFT_ASSET_SYMBOL_EXTENSIONS = YES;
				CLANG_ANALYZER_NONNULL = YES;
				CLANG_ANALYZER_NUMBER_OBJECT_CONVERSION = YES_AGGRESSIVE;
				CLANG_CXX_LANGUAGE_STANDARD = "gnu++20";
				CLANG_ENABLE_MODULES = YES;
				CLANG_ENABLE_OBJC_ARC = YES;
				CLANG_ENABLE_OBJC_WEAK = YES;
				CLANG_WARN_BLOCK_CAPTURE_AUTORELEASING = YES;
				CLANG_WARN_BOOL_CONVERSION = YES;
				CLANG_WARN_COMMA = YES;
				CLANG_WARN_CONSTANT_CONVERSION = YES;
				CLANG_WARN_DEPRECATED_OBJC_IMPLEMENTATIONS = YES;
				CLANG_WARN_DIRECT_OBJC_ISA_USAGE = YES_ERROR;
				CLANG_WARN_DOCUMENTATION_COMMENTS = YES;
				CLANG_WARN_EMPTY_BODY = YES;
				CLANG_WARN_ENUM_CONVERSION = YES;
				CLANG_WARN_INFINITE_RECURSION = YES;
				CLANG_WARN_INT_CONVERSION = YES;
				CLANG_WARN_NON_LITERAL_NULL_CONVERSION = YES;
				CLANG_WARN_OBJC_IMPLICIT_RETAIN_SELF = YES;
				CLANG_WARN_OBJC_LITERAL_CONVERSION = YES;
				CLANG_WARN_OBJC_ROOT_CLASS = YES_ERROR;
				CLANG_WARN_QUOTED_INCLUDE_IN_FRAMEWORK_HEADER = YES;
				CLANG_WARN_RANGE_LOOP_ANALYSIS = YES;
				CLANG_WARN_STRICT_PROTOTYPES = YES;
				CLANG_WARN_SUSPICIOUS_MOVE = YES;
				CLANG_WARN_UNGUARDED_AVAILABILITY = YES_AGGRESSIVE;
				CLANG_WARN_UNREACHABLE_CODE = YES;
				CLANG_WARN__DUPLICATE_METHOD_MATCH = YES;
				COPY_PHASE_STRIP = NO;
				DEBUG_INFORMATION_FORMAT = dwarf;
				ENABLE_STRICT_OBJC_MSGSEND = YES;
				ENABLE_TESTABILITY = YES;
				ENABLE_USER_SCRIPT_SANDBOXING = YES;
				GCC_C_LANGUAGE_STANDARD = gnu17;
				GCC_DYNAMIC_NO_PIC = NO;
				GCC_NO_COMMON_BLOCKS = YES;
				GCC_OPTIMIZATION_LEVEL = 0;
				GCC_PREPROCESSOR_DEFINITIONS = (
					"DEBUG=1",
					"$(inherited)",
				);
				GCC_WARN_64_TO_32_BIT_CONVERSION = YES;
				GCC_WARN_ABOUT_RETURN_TYPE = YES_ERROR;
				GCC_WARN_UNDECLARED_SELECTOR = YES;
				GCC_WARN_UNINITIALIZED_AUTOS = YES_AGGRESSIVE;
				GCC_WARN_UNUSED_FUNCTION = YES;
				GCC_WARN_UNUSED_VARIABLE = YES;
				IPHONEOS_DEPLOYMENT_TARGET = 18.2;
				LOCALIZATION_PREFERS_STRING_CATALOGS = YES;
				MTL_ENABLE_DEBUG_INFO = INCLUDE_SOURCE;
				MTL_FAST_MATH = YES;
				ONLY_ACTIVE_ARCH = YES;
				SDKROOT = iphoneos;
				SWIFT_ACTIVE_COMPILATION_CONDITIONS = "DEBUG $(inherited)";
				SWIFT_OPTIMIZATION_LEVEL = "-Onone";
			};
			name = Debug;
		};
		22CE07962D6134B7001A3DAE /* Release */ = {
			isa = XCBuildConfiguration;
			buildSettings = {
				ALWAYS_SEARCH_USER_PATHS = NO;
				ASSETCATALOG_COMPILER_GENERATE_SWIFT_ASSET_SYMBOL_EXTENSIONS = YES;
				CLANG_ANALYZER_NONNULL = YES;
				CLANG_ANALYZER_NUMBER_OBJECT_CONVERSION = YES_AGGRESSIVE;
				CLANG_CXX_LANGUAGE_STANDARD = "gnu++20";
				CLANG_ENABLE_MODULES = YES;
				CLANG_ENABLE_OBJC_ARC = YES;
				CLANG_ENABLE_OBJC_WEAK = YES;
				CLANG_WARN_BLOCK_CAPTURE_AUTORELEASING = YES;
				CLANG_WARN_BOOL_CONVERSION = YES;
				CLANG_WARN_COMMA = YES;
				CLANG_WARN_CONSTANT_CONVERSION = YES;
				CLANG_WARN_DEPRECATED_OBJC_IMPLEMENTATIONS = YES;
				CLANG_WARN_DIRECT_OBJC_ISA_USAGE = YES_ERROR;
				CLANG_WARN_DOCUMENTATION_COMMENTS = YES;
				CLANG_WARN_EMPTY_BODY = YES;
				CLANG_WARN_ENUM_CONVERSION = YES;
				CLANG_WARN_INFINITE_RECURSION = YES;
				CLANG_WARN_INT_CONVERSION = YES;
				CLANG_WARN_NON_LITERAL_NULL_CONVERSION = YES;
				CLANG_WARN_OBJC_IMPLICIT_RETAIN_SELF = YES;
				CLANG_WARN_OBJC_LITERAL_CONVERSION = YES;
				CLANG_WARN_OBJC_ROOT_CLASS = YES_ERROR;
				CLANG_WARN_QUOTED_INCLUDE_IN_FRAMEWORK_HEADER = YES;
				CLANG_WARN_RANGE_LOOP_ANALYSIS = YES;
				CLANG_WARN_STRICT_PROTOTYPES = YES;
				CLANG_WARN_SUSPICIOUS_MOVE = YES;
				CLANG_WARN_UNGUARDED_AVAILABILITY = YES_AGGRESSIVE;
				CLANG_WARN_UNREACHABLE_CODE = YES;
				CLANG_WARN__DUPLICATE_METHOD_MATCH = YES;
				COPY_PHASE_STRIP = NO;
				DEBUG_INFORMATION_FORMAT = "dwarf-with-dsym";
				ENABLE_NS_ASSERTIONS = NO;
				ENABLE_STRICT_OBJC_MSGSEND = YES;
				ENABLE_USER_SCRIPT_SANDBOXING = YES;
				GCC_C_LANGUAGE_STANDARD = gnu17;
				GCC_NO_COMMON_BLOCKS = YES;
				GCC_WARN_64_TO_32_BIT_CONVERSION = YES;
				GCC_WARN_ABOUT_RETURN_TYPE = YES_ERROR;
				GCC_WARN_UNDECLARED_SELECTOR = YES;
				GCC_WARN_UNINITIALIZED_AUTOS = YES_AGGRESSIVE;
				GCC_WARN_UNUSED_FUNCTION = YES;
				GCC_WARN_UNUSED_VARIABLE = YES;
				IPHONEOS_DEPLOYMENT_TARGET = 18.2;
				LOCALIZATION_PREFERS_STRING_CATALOGS = YES;
				MTL_ENABLE_DEBUG_INFO = NO;
				MTL_FAST_MATH = YES;
				SDKROOT = iphoneos;
				SWIFT_COMPILATION_MODE = wholemodule;
				VALIDATE_PRODUCT = YES;
			};
			name = Release;
		};
		22CE07982D6134B7001A3DAE /* Debug */ = {
			isa = XCBuildConfiguration;
			buildSettings = {
				ASSETCATALOG_COMPILER_APPICON_NAME = AppIcon;
				ASSETCATALOG_COMPILER_GLOBAL_ACCENT_COLOR_NAME = AccentColor;
				CODE_SIGN_STYLE = Automatic;
				CURRENT_PROJECT_VERSION = 1;
				DEVELOPMENT_ASSET_PATHS = "\"MapGame/Preview Content\"";
				DEVELOPMENT_TEAM = WV2QY5K68L;
				ENABLE_PREVIEWS = YES;
				GENERATE_INFOPLIST_FILE = YES;
				INFOPLIST_KEY_NSLocationWhenInUseUsageDescription = "This app needs your location to track your progress discovering new areas.";
				INFOPLIST_KEY_UIApplicationSceneManifest_Generation = YES;
				INFOPLIST_KEY_UIApplicationSupportsIndirectInputEvents = YES;
				INFOPLIST_KEY_UILaunchScreen_Generation = YES;
				INFOPLIST_KEY_UISupportedInterfaceOrientations_iPad = "UIInterfaceOrientationPortrait UIInterfaceOrientationPortraitUpsideDown UIInterfaceOrientationLandscapeLeft UIInterfaceOrientationLandscapeRight";
				INFOPLIST_KEY_UISupportedInterfaceOrientations_iPhone = "UIInterfaceOrientationPortrait UIInterfaceOrientationLandscapeLeft UIInterfaceOrientationLandscapeRight";
				LD_RUNPATH_SEARCH_PATHS = (
					"$(inherited)",
					"@executable_path/Frameworks",
				);
				MARKETING_VERSION = 1.0;
				PRODUCT_BUNDLE_IDENTIFIER = org.sambird.MapGame;
				PRODUCT_NAME = "$(TARGET_NAME)";
				SWIFT_EMIT_LOC_STRINGS = YES;
				SWIFT_VERSION = 5.0;
				TARGETED_DEVICE_FAMILY = "1,2";
			};
			name = Debug;
		};
		22CE07992D6134B7001A3DAE /* Release */ = {
			isa = XCBuildConfiguration;
			buildSettings = {
				ASSETCATALOG_COMPILER_APPICON_NAME = AppIcon;
				ASSETCATALOG_COMPILER_GLOBAL_ACCENT_COLOR_NAME = AccentColor;
				CODE_SIGN_STYLE = Automatic;
				CURRENT_PROJECT_VERSION = 1;
				DEVELOPMENT_ASSET_PATHS = "\"MapGame/Preview Content\"";
				DEVELOPMENT_TEAM = WV2QY5K68L;
				ENABLE_PREVIEWS = YES;
				GENERATE_INFOPLIST_FILE = YES;
				INFOPLIST_KEY_NSLocationWhenInUseUsageDescription = "This app needs your location to track your progress discovering new areas.";
				INFOPLIST_KEY_UIApplicationSceneManifest_Generation = YES;
				INFOPLIST_KEY_UIApplicationSupportsIndirectInputEvents = YES;
				INFOPLIST_KEY_UILaunchScreen_Generation = YES;
				INFOPLIST_KEY_UISupportedInterfaceOrientations_iPad = "UIInterfaceOrientationPortrait UIInterfaceOrientationPortraitUpsideDown UIInterfaceOrientationLandscapeLeft UIInterfaceOrientationLandscapeRight";
				INFOPLIST_KEY_UISupportedInterfaceOrientations_iPhone = "UIInterfaceOrientationPortrait UIInterfaceOrientationLandscapeLeft UIInterfaceOrientationLandscapeRight";
				LD_RUNPATH_SEARCH_PATHS = (
					"$(inherited)",
					"@executable_path/Frameworks",
				);
				MARKETING_VERSION = 1.0;
				PRODUCT_BUNDLE_IDENTIFIER = org.sambird.MapGame;
				PRODUCT_NAME = "$(TARGET_NAME)";
				SWIFT_EMIT_LOC_STRINGS = YES;
				SWIFT_VERSION = 5.0;
				TARGETED_DEVICE_FAMILY = "1,2";
			};
			name = Release;
		};
		22CE079B2D6134B7001A3DAE /* Debug */ = {
			isa = XCBuildConfiguration;
			buildSettings = {
				BUNDLE_LOADER = "$(TEST_HOST)";
				CODE_SIGN_STYLE = Automatic;
				CURRENT_PROJECT_VERSION = 1;
				DEVELOPMENT_TEAM = WV2QY5K68L;
				GENERATE_INFOPLIST_FILE = YES;
				IPHONEOS_DEPLOYMENT_TARGET = 18.2;
				MARKETING_VERSION = 1.0;
				PRODUCT_BUNDLE_IDENTIFIER = org.sambird.MapGameTests;
				PRODUCT_NAME = "$(TARGET_NAME)";
				SWIFT_EMIT_LOC_STRINGS = NO;
				SWIFT_VERSION = 5.0;
				TARGETED_DEVICE_FAMILY = "1,2";
				TEST_HOST = "$(BUILT_PRODUCTS_DIR)/MapGame.app/$(BUNDLE_EXECUTABLE_FOLDER_PATH)/MapGame";
			};
			name = Debug;
		};
		22CE079C2D6134B7001A3DAE /* Release */ = {
			isa = XCBuildConfiguration;
			buildSettings = {
				BUNDLE_LOADER = "$(TEST_HOST)";
				CODE_SIGN_STYLE = Automatic;
				CURRENT_PROJECT_VERSION = 1;
				DEVELOPMENT_TEAM = WV2QY5K68L;
				GENERATE_INFOPLIST_FILE = YES;
				IPHONEOS_DEPLOYMENT_TARGET = 18.2;
				MARKETING_VERSION = 1.0;
				PRODUCT_BUNDLE_IDENTIFIER = org.sambird.MapGameTests;
				PRODUCT_NAME = "$(TARGET_NAME)";
				SWIFT_EMIT_LOC_STRINGS = NO;
				SWIFT_VERSION = 5.0;
				TARGETED_DEVICE_FAMILY = "1,2";
				TEST_HOST = "$(BUILT_PRODUCTS_DIR)/MapGame.app/$(BUNDLE_EXECUTABLE_FOLDER_PATH)/MapGame";
			};
			name = Release;
		};
		22CE079E2D6134B7001A3DAE /* Debug */ = {
			isa = XCBuildConfiguration;
			buildSettings = {
				CODE_SIGN_STYLE = Automatic;
				CURRENT_PROJECT_VERSION = 1;
				DEVELOPMENT_TEAM = WV2QY5K68L;
				GENERATE_INFOPLIST_FILE = YES;
				MARKETING_VERSION = 1.0;
				PRODUCT_BUNDLE_IDENTIFIER = org.sambird.MapGameUITests;
				PRODUCT_NAME = "$(TARGET_NAME)";
				SWIFT_EMIT_LOC_STRINGS = NO;
				SWIFT_VERSION = 5.0;
				TARGETED_DEVICE_FAMILY = "1,2";
				TEST_TARGET_NAME = MapGame;
			};
			name = Debug;
		};
		22CE079F2D6134B7001A3DAE /* Release */ = {
			isa = XCBuildConfiguration;
			buildSettings = {
				CODE_SIGN_STYLE = Automatic;
				CURRENT_PROJECT_VERSION = 1;
				DEVELOPMENT_TEAM = WV2QY5K68L;
				GENERATE_INFOPLIST_FILE = YES;
				MARKETING_VERSION = 1.0;
				PRODUCT_BUNDLE_IDENTIFIER = org.sambird.MapGameUITests;
				PRODUCT_NAME = "$(TARGET_NAME)";
				SWIFT_EMIT_LOC_STRINGS = NO;
				SWIFT_VERSION = 5.0;
				TARGETED_DEVICE_FAMILY = "1,2";
				TEST_TARGET_NAME = MapGame;
			};
			name = Release;
		};
/* End XCBuildConfiguration section */

/* Begin XCConfigurationList section */
		22CE076E2D6134B5001A3DAE /* Build configuration list for PBXProject "MapGame" */ = {
			isa = XCConfigurationList;
			buildConfigurations = (
				22CE07952D6134B7001A3DAE /* Debug */,
				22CE07962D6134B7001A3DAE /* Release */,
			);
			defaultConfigurationIsVisible = 0;
			defaultConfigurationName = Release;
		};
		22CE07972D6134B7001A3DAE /* Build configuration list for PBXNativeTarget "MapGame" */ = {
			isa = XCConfigurationList;
			buildConfigurations = (
				22CE07982D6134B7001A3DAE /* Debug */,
				22CE07992D6134B7001A3DAE /* Release */,
			);
			defaultConfigurationIsVisible = 0;
			defaultConfigurationName = Release;
		};
		22CE079A2D6134B7001A3DAE /* Build configuration list for PBXNativeTarget "MapGameTests" */ = {
			isa = XCConfigurationList;
			buildConfigurations = (
				22CE079B2D6134B7001A3DAE /* Debug */,
				22CE079C2D6134B7001A3DAE /* Release */,
			);
			defaultConfigurationIsVisible = 0;
			defaultConfigurationName = Release;
		};
		22CE079D2D6134B7001A3DAE /* Build configuration list for PBXNativeTarget "MapGameUITests" */ = {
			isa = XCConfigurationList;
			buildConfigurations = (
				22CE079E2D6134B7001A3DAE /* Debug */,
				22CE079F2D6134B7001A3DAE /* Release */,
			);
			defaultConfigurationIsVisible = 0;
			defaultConfigurationName = Release;
		};
/* End XCConfigurationList section */

/* Begin XCRemoteSwiftPackageReference section */
		030BAD6E2D62407600AFD3E6 /* XCRemoteSwiftPackageReference "ConfettiSwiftUI" */ = {
			isa = XCRemoteSwiftPackageReference;
			repositoryURL = "https://github.com/simibac/ConfettiSwiftUI.git";
			requirement = {
				kind = upToNextMajorVersion;
				minimumVersion = 2.0.2;
			};
		};
/* End XCRemoteSwiftPackageReference section */

/* Begin XCSwiftPackageProductDependency section */
		030BAD6F2D6241D000AFD3E6 /* ConfettiSwiftUI */ = {
			isa = XCSwiftPackageProductDependency;
			package = 030BAD6E2D62407600AFD3E6 /* XCRemoteSwiftPackageReference "ConfettiSwiftUI" */;
			productName = ConfettiSwiftUI;
		};
/* End XCSwiftPackageProductDependency section */
	};
	rootObject = 22CE076B2D6134B5001A3DAE /* Project object */;
}
